
Microsoft Visual Studio Solution File, Format Version 12.00
# Visual Studio 2017
Project("{FAE04EC0-301F-11D3-BF4B-00C04F79EFBC}") = "Property Drawer", "Property Drawer.csproj", "{D779B615-F43E-615D-39A2-28652C104BA4}"
EndProject
Project("{FAE04EC0-301F-11D3-BF4B-00C04F79EFBC}") = "Property Drawer.Editor", "Property Drawer.Editor.csproj", "{807BF208-E05C-4EB0-CFCD-558FEA60F379}"
EndProject
Global
	GlobalSection(SolutionConfigurationPlatforms) = preSolution
		Debug|Any CPU = Debug|Any CPU
		Release|Any CPU = Release|Any CPU
	EndGlobalSection
	GlobalSection(ProjectConfigurationPlatforms) = postSolution
		{D779B615-F43E-615D-39A2-28652C104BA4}.Debug|Any CPU.ActiveCfg = Debug|Any CPU
		{D779B615-F43E-615D-39A2-28652C104BA4}.Debug|Any CPU.Build.0 = Debug|Any CPU
		{D779B615-F43E-615D-39A2-28652C104BA4}.Release|Any CPU.ActiveCfg = Release|Any CPU
		{D779B615-F43E-615D-39A2-28652C104BA4}.Release|Any CPU.Build.0 = Release|Any CPU
		{807BF208-E05C-4EB0-CFCD-558FEA60F379}.Debug|Any CPU.ActiveCfg = Debug|Any CPU
		{807BF208-E05C-4EB0-CFCD-558FEA60F379}.Debug|Any CPU.Build.0 = Debug|Any CPU
		{807BF208-E05C-4EB0-CFCD-558FEA60F379}.Release|Any CPU.ActiveCfg = Release|Any CPU
		{807BF208-E05C-4EB0-CFCD-558FEA60F379}.Release|Any CPU.Build.0 = Release|Any CPU
	EndGlobalSection
	GlobalSection(SolutionProperties) = preSolution
		HideSolutionNode = FALSE
	EndGlobalSection
EndGlobal
