
Microsoft Visual Studio Solution File, Format Version 12.00
# Visual Studio 2017
Project("{FAE04EC0-301F-11D3-BF4B-00C04F79EFBC}") = "Event System", "Event System.csproj", "{F42E4720-113E-0A5A-934C-E4D9487F2164}"
EndProject
Global
	GlobalSection(SolutionConfigurationPlatforms) = preSolution
		Debug|Any CPU = Debug|Any CPU
		Release|Any CPU = Release|Any CPU
	EndGlobalSection
	GlobalSection(ProjectConfigurationPlatforms) = postSolution
		{F42E4720-113E-0A5A-934C-E4D9487F2164}.Debug|Any CPU.ActiveCfg = Debug|Any CPU
		{F42E4720-113E-0A5A-934C-E4D9487F2164}.Debug|Any CPU.Build.0 = Debug|Any CPU
		{F42E4720-113E-0A5A-934C-E4D9487F2164}.Release|Any CPU.ActiveCfg = Release|Any CPU
		{F42E4720-113E-0A5A-934C-E4D9487F2164}.Release|Any CPU.Build.0 = Release|Any CPU
	EndGlobalSection
	GlobalSection(SolutionProperties) = preSolution
		HideSolutionNode = FALSE
	EndGlobalSection
EndGlobal
